
Microsoft Visual Studio Solution File, Format Version 12.00
# Visual Studio Version 17
VisualStudioVersion = 17.12.35707.178
MinimumVisualStudioVersion = 10.0.40219.1
Project("{FAE04EC0-301F-11D3-BF4B-00C04F79EFBC}") = "ClusterBackendAPI", "ClusterBackendAPI\ClusterBackendAPI.csproj", "{0BDAF1BA-3933-4D6A-BCAE-4530CAAB460C}"
EndProject
Project("{FAE04EC0-301F-11D3-BF4B-00C04F79EFBC}") = "ClusterAPILibrary", "ClusterAPILibrary\ClusterAPILibrary.csproj", "{289345A4-B6A1-4E94-B8CC-DB761C9E65BC}"
EndProject
Global
	GlobalSection(SolutionConfigurationPlatforms) = preSolution
		Debug|Any CPU = Debug|Any CPU
		Release|Any CPU = Release|Any CPU
	EndGlobalSection
	GlobalSection(ProjectConfigurationPlatforms) = postSolution
		{0BDAF1BA-3933-4D6A-BCAE-4530CAAB460C}.Debug|Any CPU.ActiveCfg = Debug|Any CPU
		{0BDAF1BA-3933-4D6A-BCAE-4530CAAB460C}.Debug|Any CPU.Build.0 = Debug|Any CPU
		{0BDAF1BA-3933-4D6A-BCAE-4530CAAB460C}.Release|Any CPU.ActiveCfg = Release|Any CPU
		{0BDAF1BA-3933-4D6A-BCAE-4530CAAB460C}.Release|Any CPU.Build.0 = Release|Any CPU
		{289345A4-B6A1-4E94-B8CC-DB761C9E65BC}.Debug|Any CPU.ActiveCfg = Debug|Any CPU
		{289345A4-B6A1-4E94-B8CC-DB761C9E65BC}.Debug|Any CPU.Build.0 = Debug|Any CPU
		{289345A4-B6A1-4E94-B8CC-DB761C9E65BC}.Release|Any CPU.ActiveCfg = Release|Any CPU
		{289345A4-B6A1-4E94-B8CC-DB761C9E65BC}.Release|Any CPU.Build.0 = Release|Any CPU
	EndGlobalSection
	GlobalSection(SolutionProperties) = preSolution
		HideSolutionNode = FALSE
	EndGlobalSection
EndGlobal
